
Microsoft Visual Studio Solution File, Format Version 12.00
# Visual Studio Version 16
VisualStudioVersion = 16.0.30114.105
MinimumVisualStudioVersion = 10.0.40219.1
Project("{FAE04EC0-301F-11D3-BF4B-00C04F79EFBC}") = "CinemasService", "CinemasService\CinemasService.csproj", "{749AC4E1-FCE7-4FC5-A188-8C74FD6BA96D}"
EndProject
Global
	GlobalSection(SolutionConfigurationPlatforms) = preSolution
		Debug|Any CPU = Debug|Any CPU
		Release|Any CPU = Release|Any CPU
	EndGlobalSection
	GlobalSection(SolutionProperties) = preSolution
		HideSolutionNode = FALSE
	EndGlobalSection
	GlobalSection(ProjectConfigurationPlatforms) = postSolution
		{749AC4E1-FCE7-4FC5-A188-8C74FD6BA96D}.Debug|Any CPU.ActiveCfg = Debug|Any CPU
		{749AC4E1-FCE7-4FC5-A188-8C74FD6BA96D}.Debug|Any CPU.Build.0 = Debug|Any CPU
		{749AC4E1-FCE7-4FC5-A188-8C74FD6BA96D}.Release|Any CPU.ActiveCfg = Release|Any CPU
		{749AC4E1-FCE7-4FC5-A188-8C74FD6BA96D}.Release|Any CPU.Build.0 = Release|Any CPU
	EndGlobalSection
EndGlobal
